
Microsoft Visual Studio Solution File, Format Version 12.00
# Visual Studio Version 17
VisualStudioVersion = 17.6.33815.320
MinimumVisualStudioVersion = 10.0.40219.1
Project("{FAE04EC0-301F-11D3-BF4B-00C04F79EFBC}") = "Tekla.Extension", "Tekla.Extension\Tekla.Extension.csproj", "{03C19A66-26C8-4572-A784-E0F59E513CD1}"
EndProject
Global
	GlobalSection(SolutionConfigurationPlatforms) = preSolution
		2020|x64 = 2020|x64
		2021|x64 = 2021|x64
		2022|x64 = 2022|x64
		2023|x64 = 2023|x64
		2024|x64 = 2024|x64
		2025|x64 = 2025|x64
	EndGlobalSection
	GlobalSection(ProjectConfigurationPlatforms) = postSolution
		{03C19A66-26C8-4572-A784-E0F59E513CD1}.2020|x64.ActiveCfg = 2020|x64
		{03C19A66-26C8-4572-A784-E0F59E513CD1}.2020|x64.Build.0 = 2020|x64
		{03C19A66-26C8-4572-A784-E0F59E513CD1}.2021|x64.ActiveCfg = 2021|x64
		{03C19A66-26C8-4572-A784-E0F59E513CD1}.2021|x64.Build.0 = 2021|x64
		{03C19A66-26C8-4572-A784-E0F59E513CD1}.2022|x64.ActiveCfg = 2022|x64
		{03C19A66-26C8-4572-A784-E0F59E513CD1}.2022|x64.Build.0 = 2022|x64
		{03C19A66-26C8-4572-A784-E0F59E513CD1}.2023|x64.ActiveCfg = 2023|x64
		{03C19A66-26C8-4572-A784-E0F59E513CD1}.2023|x64.Build.0 = 2023|x64
		{03C19A66-26C8-4572-A784-E0F59E513CD1}.2024|x64.ActiveCfg = 2024|x64
		{03C19A66-26C8-4572-A784-E0F59E513CD1}.2024|x64.Build.0 = 2024|x64
		{03C19A66-26C8-4572-A784-E0F59E513CD1}.2025|x64.ActiveCfg = 2025|x64
		{03C19A66-26C8-4572-A784-E0F59E513CD1}.2025|x64.Build.0 = 2025|x64
	EndGlobalSection
	GlobalSection(SolutionProperties) = preSolution
		HideSolutionNode = FALSE
	EndGlobalSection
	GlobalSection(ExtensibilityGlobals) = postSolution
		SolutionGuid = {3220B644-27E9-45CD-B084-26683924B638}
	EndGlobalSection
EndGlobal
